// !$*UTF8*$!
{
	archiveVersion = 1;
	classes = {
	};
	objectVersion = 56;
	objects = {

/* Begin PBXBuildFile section */
		FA81F4852C5A9E79003A3E07 /* QuoApp.swift in Sources */ = {isa = PBXBuildFile; fileRef = FA81F4842C5A9E79003A3E07 /* QuoApp.swift */; };
		FA81F4872C5A9E79003A3E07 /* ContentView.swift in Sources */ = {isa = PBXBuildFile; fileRef = FA81F4862C5A9E79003A3E07 /* ContentView.swift */; };
		FA81F4892C5A9E7A003A3E07 /* Assets.xcassets in Resources */ = {isa = PBXBuildFile; fileRef = FA81F4882C5A9E7A003A3E07 /* Assets.xcassets */; };
		FA81F48C2C5A9E7A003A3E07 /* Preview Assets.xcassets in Resources */ = {isa = PBXBuildFile; fileRef = FA81F48B2C5A9E7A003A3E07 /* Preview Assets.xcassets */; };
		FA81F4932C5AA07C003A3E07 /* MasterMenuView.swift in Sources */ = {isa = PBXBuildFile; fileRef = FA81F4922C5AA07C003A3E07 /* MasterMenuView.swift */; };
		FA81F4952C5AA2BF003A3E07 /* FallingWaterDropletsView.swift in Sources */ = {isa = PBXBuildFile; fileRef = FA81F4942C5AA2BF003A3E07 /* FallingWaterDropletsView.swift */; };
		FA81F4972C5AAD90003A3E07 /* ScreenSize.swift in Sources */ = {isa = PBXBuildFile; fileRef = FA81F4962C5AAD90003A3E07 /* ScreenSize.swift */; };
		FA81F4992C5ABA72003A3E07 /* ParametersView.swift in Sources */ = {isa = PBXBuildFile; fileRef = FA81F4982C5ABA72003A3E07 /* ParametersView.swift */; };
		FA81F49B2C5AC2E5003A3E07 /* RiverVideoPlayer.swift in Sources */ = {isa = PBXBuildFile; fileRef = FA81F49A2C5AC2E5003A3E07 /* RiverVideoPlayer.swift */; };
		FA81F49F2C5AC45E003A3E07 /* LessonView.swift in Sources */ = {isa = PBXBuildFile; fileRef = FA81F49E2C5AC45E003A3E07 /* LessonView.swift */; };
		FA81F4A12C5AC5FC003A3E07 /* BottomCornersRoundedShape.swift in Sources */ = {isa = PBXBuildFile; fileRef = FA81F4A02C5AC5FC003A3E07 /* BottomCornersRoundedShape.swift */; };
		FA81F4A52C5ACA0C003A3E07 /* JustifiedText.swift in Sources */ = {isa = PBXBuildFile; fileRef = FA81F4A42C5ACA0C003A3E07 /* JustifiedText.swift */; };
		FA81F4A72C5ACB22003A3E07 /* EvaluationTextView.swift in Sources */ = {isa = PBXBuildFile; fileRef = FA81F4A62C5ACB22003A3E07 /* EvaluationTextView.swift */; };
		FA81F4A92C5ACB80003A3E07 /* FlowLayout.swift in Sources */ = {isa = PBXBuildFile; fileRef = FA81F4A82C5ACB80003A3E07 /* FlowLayout.swift */; };
		FA81F4AB2C5AE88A003A3E07 /* Lesson.swift in Sources */ = {isa = PBXBuildFile; fileRef = FA81F4AA2C5AE88A003A3E07 /* Lesson.swift */; };
		FA81F4AE2C5AE8F1003A3E07 /* TextBasedQuestion.swift in Sources */ = {isa = PBXBuildFile; fileRef = FA81F4AD2C5AE8F1003A3E07 /* TextBasedQuestion.swift */; };
		FA81F4B22C5AEA30003A3E07 /* TextQuestionCapsuleAnswerView.swift in Sources */ = {isa = PBXBuildFile; fileRef = FA81F4B12C5AEA30003A3E07 /* TextQuestionCapsuleAnswerView.swift */; };
		FA81F4B42C5AEA6B003A3E07 /* TextViewWithPlaceholders.swift in Sources */ = {isa = PBXBuildFile; fileRef = FA81F4B32C5AEA6B003A3E07 /* TextViewWithPlaceholders.swift */; };
		FA81F4B62C5AEA96003A3E07 /* TextBasedQuestionHelpers.swift in Sources */ = {isa = PBXBuildFile; fileRef = FA81F4B52C5AEA96003A3E07 /* TextBasedQuestionHelpers.swift */; };
		FA81F4B82C5AEB96003A3E07 /* EvaluationTrueOrFalseView.swift in Sources */ = {isa = PBXBuildFile; fileRef = FA81F4B72C5AEB96003A3E07 /* EvaluationTrueOrFalseView.swift */; };
		FA81F4BA2C5AEBC1003A3E07 /* TrueOrFalseQuestion.swift in Sources */ = {isa = PBXBuildFile; fileRef = FA81F4B92C5AEBC1003A3E07 /* TrueOrFalseQuestion.swift */; };
		FA81F4BD2C5AFADD003A3E07 /* CloudsSimulationView.swift in Sources */ = {isa = PBXBuildFile; fileRef = FA81F4BC2C5AFADD003A3E07 /* CloudsSimulationView.swift */; };
		FA81F4BF2C5AFCAC003A3E07 /* SafeAreaInsets.swift in Sources */ = {isa = PBXBuildFile; fileRef = FA81F4BE2C5AFCAC003A3E07 /* SafeAreaInsets.swift */; };
		FA81F4C12C5B017F003A3E07 /* valuri.gif in Resources */ = {isa = PBXBuildFile; fileRef = FA81F4C02C5B017F003A3E07 /* valuri.gif */; };
		FA81F4C32C5B0201003A3E07 /* GIFPlayerView.swift in Sources */ = {isa = PBXBuildFile; fileRef = FA81F4C22C5B0201003A3E07 /* GIFPlayerView.swift */; };
		FA81F4C52C5B047E003A3E07 /* TestView.swift in Sources */ = {isa = PBXBuildFile; fileRef = FA81F4C42C5B047E003A3E07 /* TestView.swift */; };
		FA81F4C72C5B22B9003A3E07 /* SeaSimulatorView.swift in Sources */ = {isa = PBXBuildFile; fileRef = FA81F4C62C5B22B9003A3E07 /* SeaSimulatorView.swift */; };
		FA81F4C92C5B2B61003A3E07 /* LessonHeaderViews.swift in Sources */ = {isa = PBXBuildFile; fileRef = FA81F4C82C5B2B61003A3E07 /* LessonHeaderViews.swift */; };
		FA81F4CE2C5B4012003A3E07 /* LessonsData.swift in Sources */ = {isa = PBXBuildFile; fileRef = FA81F4CD2C5B4012003A3E07 /* LessonsData.swift */; };
		FA81F4D02C5B444D003A3E07 /* rau.gif in Resources */ = {isa = PBXBuildFile; fileRef = FA81F4CF2C5B444D003A3E07 /* rau.gif */; };
		FA81F4D22C5B5CF6003A3E07 /* MovingCloudsView.swift in Sources */ = {isa = PBXBuildFile; fileRef = FA81F4D12C5B5CF6003A3E07 /* MovingCloudsView.swift */; };
		FA81F4D42C5B7652003A3E07 /* PopulateWithDataView.swift in Sources */ = {isa = PBXBuildFile; fileRef = FA81F4D32C5B7652003A3E07 /* PopulateWithDataView.swift */; };
		FA81F4D62C5B87B9003A3E07 /* ImaginarySituationData.swift in Sources */ = {isa = PBXBuildFile; fileRef = FA81F4D52C5B87B9003A3E07 /* ImaginarySituationData.swift */; };
		FA81F4DA2C5B96A9003A3E07 /* WaterCyclePredictionView.swift in Sources */ = {isa = PBXBuildFile; fileRef = FA81F4D92C5B96A9003A3E07 /* WaterCyclePredictionView.swift */; };
		FA81F4DC2C5B985D003A3E07 /* WValueWaterCyclePrediction.mlmodel in Sources */ = {isa = PBXBuildFile; fileRef = FA81F4DB2C5B985D003A3E07 /* WValueWaterCyclePrediction.mlmodel */; };
		FA81F4DE2C5B98AF003A3E07 /* EVValueWaterCyclePrediction.mlmodel in Sources */ = {isa = PBXBuildFile; fileRef = FA81F4DD2C5B98AF003A3E07 /* EVValueWaterCyclePrediction.mlmodel */; };
		FA81F4E02C5BA962003A3E07 /* peste.gif in Resources */ = {isa = PBXBuildFile; fileRef = FA81F4DF2C5BA962003A3E07 /* peste.gif */; };
		FA81F4E62C5BC009003A3E07 /* PreviewEntriesData.swift in Sources */ = {isa = PBXBuildFile; fileRef = FA81F4E42C5BC009003A3E07 /* PreviewEntriesData.swift */; };
		FA81F4E72C5BC009003A3E07 /* PreviewModel.swift in Sources */ = {isa = PBXBuildFile; fileRef = FA81F4E52C5BC009003A3E07 /* PreviewModel.swift */; };
		FA81F4E92C5BC778003A3E07 /* LessonsListView.swift in Sources */ = {isa = PBXBuildFile; fileRef = FA81F4E82C5BC778003A3E07 /* LessonsListView.swift */; };
		FA81F4EB2C5BCF50003A3E07 /* vapori.gif in Resources */ = {isa = PBXBuildFile; fileRef = FA81F4EA2C5BCF50003A3E07 /* vapori.gif */; };
		FA81F4ED2C5BD39E003A3E07 /* BackgroundAudioPlayer.swift in Sources */ = {isa = PBXBuildFile; fileRef = FA81F4EC2C5BD39E003A3E07 /* BackgroundAudioPlayer.swift */; };
		FA81F4EF2C5BD453003A3E07 /* AudioTestView.swift in Sources */ = {isa = PBXBuildFile; fileRef = FA81F4EE2C5BD453003A3E07 /* AudioTestView.swift */; };
		FA81F4F42C5BD491003A3E07 /* ploaie4.mp3 in Resources */ = {isa = PBXBuildFile; fileRef = FA81F4F02C5BD491003A3E07 /* ploaie4.mp3 */; };
		FA81F4F52C5BD491003A3E07 /* ploaie2.mp3 in Resources */ = {isa = PBXBuildFile; fileRef = FA81F4F12C5BD491003A3E07 /* ploaie2.mp3 */; };
		FA81F4F62C5BD491003A3E07 /* ploaie3.mp3 in Resources */ = {isa = PBXBuildFile; fileRef = FA81F4F22C5BD491003A3E07 /* ploaie3.mp3 */; };
		FA81F4F72C5BD491003A3E07 /* ploaie1.mp3 in Resources */ = {isa = PBXBuildFile; fileRef = FA81F4F32C5BD491003A3E07 /* ploaie1.mp3 */; };
/* End PBXBuildFile section */

/* Begin PBXFileReference section */
		FA81F4812C5A9E79003A3E07 /* Quo.app */ = {isa = PBXFileReference; explicitFileType = wrapper.application; includeInIndex = 0; path = Quo.app; sourceTree = BUILT_PRODUCTS_DIR; };
		FA81F4842C5A9E79003A3E07 /* QuoApp.swift */ = {isa = PBXFileReference; lastKnownFileType = sourcecode.swift; path = QuoApp.swift; sourceTree = "<group>"; };
		FA81F4862C5A9E79003A3E07 /* ContentView.swift */ = {isa = PBXFileReference; lastKnownFileType = sourcecode.swift; path = ContentView.swift; sourceTree = "<group>"; };
		FA81F4882C5A9E7A003A3E07 /* Assets.xcassets */ = {isa = PBXFileReference; lastKnownFileType = folder.assetcatalog; path = Assets.xcassets; sourceTree = "<group>"; };
		FA81F48B2C5A9E7A003A3E07 /* Preview Assets.xcassets */ = {isa = PBXFileReference; lastKnownFileType = folder.assetcatalog; path = "Preview Assets.xcassets"; sourceTree = "<group>"; };
		FA81F4922C5AA07C003A3E07 /* MasterMenuView.swift */ = {isa = PBXFileReference; lastKnownFileType = sourcecode.swift; path = MasterMenuView.swift; sourceTree = "<group>"; };
		FA81F4942C5AA2BF003A3E07 /* FallingWaterDropletsView.swift */ = {isa = PBXFileReference; lastKnownFileType = sourcecode.swift; path = FallingWaterDropletsView.swift; sourceTree = "<group>"; };
		FA81F4962C5AAD90003A3E07 /* ScreenSize.swift */ = {isa = PBXFileReference; lastKnownFileType = sourcecode.swift; path = ScreenSize.swift; sourceTree = "<group>"; };
		FA81F4982C5ABA72003A3E07 /* ParametersView.swift */ = {isa = PBXFileReference; lastKnownFileType = sourcecode.swift; path = ParametersView.swift; sourceTree = "<group>"; };
		FA81F49A2C5AC2E5003A3E07 /* RiverVideoPlayer.swift */ = {isa = PBXFileReference; lastKnownFileType = sourcecode.swift; path = RiverVideoPlayer.swift; sourceTree = "<group>"; };
		FA81F49E2C5AC45E003A3E07 /* LessonView.swift */ = {isa = PBXFileReference; lastKnownFileType = sourcecode.swift; path = LessonView.swift; sourceTree = "<group>"; };
		FA81F4A02C5AC5FC003A3E07 /* BottomCornersRoundedShape.swift */ = {isa = PBXFileReference; lastKnownFileType = sourcecode.swift; path = BottomCornersRoundedShape.swift; sourceTree = "<group>"; };
		FA81F4A42C5ACA0C003A3E07 /* JustifiedText.swift */ = {isa = PBXFileReference; lastKnownFileType = sourcecode.swift; path = JustifiedText.swift; sourceTree = "<group>"; };
		FA81F4A62C5ACB22003A3E07 /* EvaluationTextView.swift */ = {isa = PBXFileReference; lastKnownFileType = sourcecode.swift; path = EvaluationTextView.swift; sourceTree = "<group>"; };
		FA81F4A82C5ACB80003A3E07 /* FlowLayout.swift */ = {isa = PBXFileReference; fileEncoding = 4; lastKnownFileType = sourcecode.swift; path = FlowLayout.swift; sourceTree = "<group>"; };
		FA81F4AA2C5AE88A003A3E07 /* Lesson.swift */ = {isa = PBXFileReference; lastKnownFileType = sourcecode.swift; path = Lesson.swift; sourceTree = "<group>"; };
		FA81F4AD2C5AE8F1003A3E07 /* TextBasedQuestion.swift */ = {isa = PBXFileReference; lastKnownFileType = sourcecode.swift; path = TextBasedQuestion.swift; sourceTree = "<group>"; };
		FA81F4B12C5AEA30003A3E07 /* TextQuestionCapsuleAnswerView.swift */ = {isa = PBXFileReference; lastKnownFileType = sourcecode.swift; path = TextQuestionCapsuleAnswerView.swift; sourceTree = "<group>"; };
		FA81F4B32C5AEA6B003A3E07 /* TextViewWithPlaceholders.swift */ = {isa = PBXFileReference; lastKnownFileType = sourcecode.swift; path = TextViewWithPlaceholders.swift; sourceTree = "<group>"; };
		FA81F4B52C5AEA96003A3E07 /* TextBasedQuestionHelpers.swift */ = {isa = PBXFileReference; lastKnownFileType = sourcecode.swift; path = TextBasedQuestionHelpers.swift; sourceTree = "<group>"; };
		FA81F4B72C5AEB96003A3E07 /* EvaluationTrueOrFalseView.swift */ = {isa = PBXFileReference; lastKnownFileType = sourcecode.swift; path = EvaluationTrueOrFalseView.swift; sourceTree = "<group>"; };
		FA81F4B92C5AEBC1003A3E07 /* TrueOrFalseQuestion.swift */ = {isa = PBXFileReference; lastKnownFileType = sourcecode.swift; path = TrueOrFalseQuestion.swift; sourceTree = "<group>"; };
		FA81F4BC2C5AFADD003A3E07 /* CloudsSimulationView.swift */ = {isa = PBXFileReference; lastKnownFileType = sourcecode.swift; path = CloudsSimulationView.swift; sourceTree = "<group>"; };
		FA81F4BE2C5AFCAC003A3E07 /* SafeAreaInsets.swift */ = {isa = PBXFileReference; lastKnownFileType = sourcecode.swift; path = SafeAreaInsets.swift; sourceTree = "<group>"; };
		FA81F4C02C5B017F003A3E07 /* valuri.gif */ = {isa = PBXFileReference; lastKnownFileType = image.gif; path = valuri.gif; sourceTree = "<group>"; };
		FA81F4C22C5B0201003A3E07 /* GIFPlayerView.swift */ = {isa = PBXFileReference; lastKnownFileType = sourcecode.swift; path = GIFPlayerView.swift; sourceTree = "<group>"; };
		FA81F4C42C5B047E003A3E07 /* TestView.swift */ = {isa = PBXFileReference; lastKnownFileType = sourcecode.swift; path = TestView.swift; sourceTree = "<group>"; };
		FA81F4C62C5B22B9003A3E07 /* SeaSimulatorView.swift */ = {isa = PBXFileReference; lastKnownFileType = sourcecode.swift; path = SeaSimulatorView.swift; sourceTree = "<group>"; };
		FA81F4C82C5B2B61003A3E07 /* LessonHeaderViews.swift */ = {isa = PBXFileReference; lastKnownFileType = sourcecode.swift; path = LessonHeaderViews.swift; sourceTree = "<group>"; };
		FA81F4CD2C5B4012003A3E07 /* LessonsData.swift */ = {isa = PBXFileReference; lastKnownFileType = sourcecode.swift; path = LessonsData.swift; sourceTree = "<group>"; };
		FA81F4CF2C5B444D003A3E07 /* rau.gif */ = {isa = PBXFileReference; lastKnownFileType = image.gif; path = rau.gif; sourceTree = "<group>"; };
		FA81F4D12C5B5CF6003A3E07 /* MovingCloudsView.swift */ = {isa = PBXFileReference; lastKnownFileType = sourcecode.swift; path = MovingCloudsView.swift; sourceTree = "<group>"; };
		FA81F4D32C5B7652003A3E07 /* PopulateWithDataView.swift */ = {isa = PBXFileReference; lastKnownFileType = sourcecode.swift; path = PopulateWithDataView.swift; sourceTree = "<group>"; };
		FA81F4D52C5B87B9003A3E07 /* ImaginarySituationData.swift */ = {isa = PBXFileReference; lastKnownFileType = sourcecode.swift; path = ImaginarySituationData.swift; sourceTree = "<group>"; };
		FA81F4D92C5B96A9003A3E07 /* WaterCyclePredictionView.swift */ = {isa = PBXFileReference; lastKnownFileType = sourcecode.swift; path = WaterCyclePredictionView.swift; sourceTree = "<group>"; };
		FA81F4DB2C5B985D003A3E07 /* WValueWaterCyclePrediction.mlmodel */ = {isa = PBXFileReference; lastKnownFileType = file.mlmodel; path = WValueWaterCyclePrediction.mlmodel; sourceTree = "<group>"; };
		FA81F4DD2C5B98AF003A3E07 /* EVValueWaterCyclePrediction.mlmodel */ = {isa = PBXFileReference; lastKnownFileType = file.mlmodel; path = EVValueWaterCyclePrediction.mlmodel; sourceTree = "<group>"; };
		FA81F4DF2C5BA962003A3E07 /* peste.gif */ = {isa = PBXFileReference; lastKnownFileType = image.gif; path = peste.gif; sourceTree = "<group>"; };
		FA81F4E42C5BC009003A3E07 /* PreviewEntriesData.swift */ = {isa = PBXFileReference; fileEncoding = 4; lastKnownFileType = sourcecode.swift; path = PreviewEntriesData.swift; sourceTree = "<group>"; };
		FA81F4E52C5BC009003A3E07 /* PreviewModel.swift */ = {isa = PBXFileReference; fileEncoding = 4; lastKnownFileType = sourcecode.swift; path = PreviewModel.swift; sourceTree = "<group>"; };
		FA81F4E82C5BC778003A3E07 /* LessonsListView.swift */ = {isa = PBXFileReference; lastKnownFileType = sourcecode.swift; path = LessonsListView.swift; sourceTree = "<group>"; };
		FA81F4EA2C5BCF50003A3E07 /* vapori.gif */ = {isa = PBXFileReference; lastKnownFileType = image.gif; path = vapori.gif; sourceTree = "<group>"; };
		FA81F4EC2C5BD39E003A3E07 /* BackgroundAudioPlayer.swift */ = {isa = PBXFileReference; lastKnownFileType = sourcecode.swift; path = BackgroundAudioPlayer.swift; sourceTree = "<group>"; };
		FA81F4EE2C5BD453003A3E07 /* AudioTestView.swift */ = {isa = PBXFileReference; lastKnownFileType = sourcecode.swift; path = AudioTestView.swift; sourceTree = "<group>"; };
		FA81F4F02C5BD491003A3E07 /* ploaie4.mp3 */ = {isa = PBXFileReference; lastKnownFileType = audio.mp3; path = ploaie4.mp3; sourceTree = "<group>"; };
		FA81F4F12C5BD491003A3E07 /* ploaie2.mp3 */ = {isa = PBXFileReference; lastKnownFileType = audio.mp3; path = ploaie2.mp3; sourceTree = "<group>"; };
		FA81F4F22C5BD491003A3E07 /* ploaie3.mp3 */ = {isa = PBXFileReference; lastKnownFileType = audio.mp3; path = ploaie3.mp3; sourceTree = "<group>"; };
		FA81F4F32C5BD491003A3E07 /* ploaie1.mp3 */ = {isa = PBXFileReference; lastKnownFileType = audio.mp3; path = ploaie1.mp3; sourceTree = "<group>"; };
/* End PBXFileReference section */

/* Begin PBXFrameworksBuildPhase section */
		FA81F47E2C5A9E79003A3E07 /* Frameworks */ = {
			isa = PBXFrameworksBuildPhase;
			buildActionMask = 2147483647;
			files = (
			);
			runOnlyForDeploymentPostprocessing = 0;
		};
/* End PBXFrameworksBuildPhase section */

/* Begin PBXGroup section */
		FA81F4782C5A9E79003A3E07 = {
			isa = PBXGroup;
			children = (
				FA81F4832C5A9E79003A3E07 /* Quo */,
				FA81F4822C5A9E79003A3E07 /* Products */,
			);
			sourceTree = "<group>";
		};
		FA81F4822C5A9E79003A3E07 /* Products */ = {
			isa = PBXGroup;
			children = (
				FA81F4812C5A9E79003A3E07 /* Quo.app */,
			);
			name = Products;
			sourceTree = "<group>";
		};
		FA81F4832C5A9E79003A3E07 /* Quo */ = {
			isa = PBXGroup;
			children = (
				FA81F4842C5A9E79003A3E07 /* QuoApp.swift */,
				FA81F4D32C5B7652003A3E07 /* PopulateWithDataView.swift */,
				FA81F4922C5AA07C003A3E07 /* MasterMenuView.swift */,
				FA81F4862C5A9E79003A3E07 /* ContentView.swift */,
				FA81F4E82C5BC778003A3E07 /* LessonsListView.swift */,
				FA81F4EC2C5BD39E003A3E07 /* BackgroundAudioPlayer.swift */,
				FA81F4D92C5B96A9003A3E07 /* WaterCyclePredictionView.swift */,
				FA81F4DB2C5B985D003A3E07 /* WValueWaterCyclePrediction.mlmodel */,
				FA81F4DD2C5B98AF003A3E07 /* EVValueWaterCyclePrediction.mlmodel */,
				FA81F4AF2C5AE95B003A3E07 /* LessonViews */,
				FA81F4CC2C5B4007003A3E07 /* Data */,
				FA81F4BB2C5AFAC7003A3E07 /* SimulationViews */,
				FA81F4982C5ABA72003A3E07 /* ParametersView.swift */,
				FA81F4B02C5AE979003A3E07 /* LessonHelpers */,
				FA81F4AC2C5AE8D5003A3E07 /* Models */,
				FA81F4A22C5AC612003A3E07 /* SimulationHelpers */,
				FA81F4A32C5AC628003A3E07 /* Utilities */,
				FA81F4E32C5BBFBE003A3E07 /* PreviewHelpers */,
				FA81F4F82C5BD497003A3E07 /* Audio */,
				FA81F4EE2C5BD453003A3E07 /* AudioTestView.swift */,
				FA81F4F92C5BD4A1003A3E07 /* Gifs */,
				FA81F4882C5A9E7A003A3E07 /* Assets.xcassets */,
				FA81F48A2C5A9E7A003A3E07 /* Preview Content */,
			);
			path = Quo;
			sourceTree = "<group>";
		};
		FA81F48A2C5A9E7A003A3E07 /* Preview Content */ = {
			isa = PBXGroup;
			children = (
				FA81F48B2C5A9E7A003A3E07 /* Preview Assets.xcassets */,
			);
			path = "Preview Content";
			sourceTree = "<group>";
		};
		FA81F4A22C5AC612003A3E07 /* SimulationHelpers */ = {
			isa = PBXGroup;
			children = (
				FA81F4942C5AA2BF003A3E07 /* FallingWaterDropletsView.swift */,
				FA81F4D12C5B5CF6003A3E07 /* MovingCloudsView.swift */,
				FA81F49A2C5AC2E5003A3E07 /* RiverVideoPlayer.swift */,
				FA81F4C22C5B0201003A3E07 /* GIFPlayerView.swift */,
			);
			path = SimulationHelpers;
			sourceTree = "<group>";
		};
		FA81F4A32C5AC628003A3E07 /* Utilities */ = {
			isa = PBXGroup;
			children = (
				FA81F4A42C5ACA0C003A3E07 /* JustifiedText.swift */,
				FA81F4962C5AAD90003A3E07 /* ScreenSize.swift */,
				FA81F4A02C5AC5FC003A3E07 /* BottomCornersRoundedShape.swift */,
				FA81F4A82C5ACB80003A3E07 /* FlowLayout.swift */,
				FA81F4BE2C5AFCAC003A3E07 /* SafeAreaInsets.swift */,
			);
			path = Utilities;
			sourceTree = "<group>";
		};
		FA81F4AC2C5AE8D5003A3E07 /* Models */ = {
			isa = PBXGroup;
			children = (
				FA81F4AA2C5AE88A003A3E07 /* Lesson.swift */,
				FA81F4AD2C5AE8F1003A3E07 /* TextBasedQuestion.swift */,
				FA81F4B92C5AEBC1003A3E07 /* TrueOrFalseQuestion.swift */,
			);
			path = Models;
			sourceTree = "<group>";
		};
		FA81F4AF2C5AE95B003A3E07 /* LessonViews */ = {
			isa = PBXGroup;
			children = (
				FA81F49E2C5AC45E003A3E07 /* LessonView.swift */,
				FA81F4C42C5B047E003A3E07 /* TestView.swift */,
				FA81F4B72C5AEB96003A3E07 /* EvaluationTrueOrFalseView.swift */,
				FA81F4A62C5ACB22003A3E07 /* EvaluationTextView.swift */,
			);
			path = LessonViews;
			sourceTree = "<group>";
		};
		FA81F4B02C5AE979003A3E07 /* LessonHelpers */ = {
			isa = PBXGroup;
			children = (
				FA81F4B12C5AEA30003A3E07 /* TextQuestionCapsuleAnswerView.swift */,
				FA81F4B32C5AEA6B003A3E07 /* TextViewWithPlaceholders.swift */,
				FA81F4B52C5AEA96003A3E07 /* TextBasedQuestionHelpers.swift */,
			);
			path = LessonHelpers;
			sourceTree = "<group>";
		};
		FA81F4BB2C5AFAC7003A3E07 /* SimulationViews */ = {
			isa = PBXGroup;
			children = (
				FA81F4BC2C5AFADD003A3E07 /* CloudsSimulationView.swift */,
				FA81F4C62C5B22B9003A3E07 /* SeaSimulatorView.swift */,
			);
			path = SimulationViews;
			sourceTree = "<group>";
		};
		FA81F4CC2C5B4007003A3E07 /* Data */ = {
			isa = PBXGroup;
			children = (
				FA81F4CD2C5B4012003A3E07 /* LessonsData.swift */,
				FA81F4C82C5B2B61003A3E07 /* LessonHeaderViews.swift */,
				FA81F4D52C5B87B9003A3E07 /* ImaginarySituationData.swift */,
			);
			path = Data;
			sourceTree = "<group>";
		};
		FA81F4E32C5BBFBE003A3E07 /* PreviewHelpers */ = {
			isa = PBXGroup;
			children = (
				FA81F4E42C5BC009003A3E07 /* PreviewEntriesData.swift */,
				FA81F4E52C5BC009003A3E07 /* PreviewModel.swift */,
			);
			path = PreviewHelpers;
			sourceTree = "<group>";
		};
		FA81F4F82C5BD497003A3E07 /* Audio */ = {
			isa = PBXGroup;
			children = (
				FA81F4F32C5BD491003A3E07 /* ploaie1.mp3 */,
				FA81F4F12C5BD491003A3E07 /* ploaie2.mp3 */,
				FA81F4F22C5BD491003A3E07 /* ploaie3.mp3 */,
				FA81F4F02C5BD491003A3E07 /* ploaie4.mp3 */,
			);
			path = Audio;
			sourceTree = "<group>";
		};
		FA81F4F92C5BD4A1003A3E07 /* Gifs */ = {
			isa = PBXGroup;
			children = (
				FA81F4C02C5B017F003A3E07 /* valuri.gif */,
				FA81F4EA2C5BCF50003A3E07 /* vapori.gif */,
				FA81F4DF2C5BA962003A3E07 /* peste.gif */,
				FA81F4CF2C5B444D003A3E07 /* rau.gif */,
			);
			path = Gifs;
			sourceTree = "<group>";
		};
/* End PBXGroup section */

/* Begin PBXNativeTarget section */
		FA81F4802C5A9E79003A3E07 /* Quo */ = {
			isa = PBXNativeTarget;
			buildConfigurationList = FA81F48F2C5A9E7A003A3E07 /* Build configuration list for PBXNativeTarget "Quo" */;
			buildPhases = (
				FA81F47D2C5A9E79003A3E07 /* Sources */,
				FA81F47E2C5A9E79003A3E07 /* Frameworks */,
				FA81F47F2C5A9E79003A3E07 /* Resources */,
			);
			buildRules = (
			);
			dependencies = (
			);
			name = Quo;
			productName = Quo;
			productReference = FA81F4812C5A9E79003A3E07 /* Quo.app */;
			productType = "com.apple.product-type.application";
		};
/* End PBXNativeTarget section */

/* Begin PBXProject section */
		FA81F4792C5A9E79003A3E07 /* Project object */ = {
			isa = PBXProject;
			attributes = {
				BuildIndependentTargetsInParallel = 1;
				LastSwiftUpdateCheck = 1500;
				LastUpgradeCheck = 1500;
				TargetAttributes = {
					FA81F4802C5A9E79003A3E07 = {
						CreatedOnToolsVersion = 15.0.1;
					};
				};
			};
			buildConfigurationList = FA81F47C2C5A9E79003A3E07 /* Build configuration list for PBXProject "Quo" */;
			compatibilityVersion = "Xcode 14.0";
			developmentRegion = en;
			hasScannedForEncodings = 0;
			knownRegions = (
				en,
				Base,
			);
			mainGroup = FA81F4782C5A9E79003A3E07;
			productRefGroup = FA81F4822C5A9E79003A3E07 /* Products */;
			projectDirPath = "";
			projectRoot = "";
			targets = (
				FA81F4802C5A9E79003A3E07 /* Quo */,
			);
		};
/* End PBXProject section */

/* Begin PBXResourcesBuildPhase section */
		FA81F47F2C5A9E79003A3E07 /* Resources */ = {
			isa = PBXResourcesBuildPhase;
			buildActionMask = 2147483647;
			files = (
				FA81F4F42C5BD491003A3E07 /* ploaie4.mp3 in Resources */,
				FA81F4F62C5BD491003A3E07 /* ploaie3.mp3 in Resources */,
				FA81F48C2C5A9E7A003A3E07 /* Preview Assets.xcassets in Resources */,
				FA81F4C12C5B017F003A3E07 /* valuri.gif in Resources */,
				FA81F4892C5A9E7A003A3E07 /* Assets.xcassets in Resources */,
				FA81F4E02C5BA962003A3E07 /* peste.gif in Resources */,
				FA81F4F52C5BD491003A3E07 /* ploaie2.mp3 in Resources */,
				FA81F4D02C5B444D003A3E07 /* rau.gif in Resources */,
				FA81F4F72C5BD491003A3E07 /* ploaie1.mp3 in Resources */,
				FA81F4EB2C5BCF50003A3E07 /* vapori.gif in Resources */,
			);
			runOnlyForDeploymentPostprocessing = 0;
		};
/* End PBXResourcesBuildPhase section */

/* Begin PBXSourcesBuildPhase section */
		FA81F47D2C5A9E79003A3E07 /* Sources */ = {
			isa = PBXSourcesBuildPhase;
			buildActionMask = 2147483647;
			files = (
				FA81F4EF2C5BD453003A3E07 /* AudioTestView.swift in Sources */,
				FA81F4D22C5B5CF6003A3E07 /* MovingCloudsView.swift in Sources */,
				FA81F4A12C5AC5FC003A3E07 /* BottomCornersRoundedShape.swift in Sources */,
				FA81F4A92C5ACB80003A3E07 /* FlowLayout.swift in Sources */,
				FA81F4AE2C5AE8F1003A3E07 /* TextBasedQuestion.swift in Sources */,
				FA81F4DE2C5B98AF003A3E07 /* EVValueWaterCyclePrediction.mlmodel in Sources */,
				FA81F4972C5AAD90003A3E07 /* ScreenSize.swift in Sources */,
				FA81F4A72C5ACB22003A3E07 /* EvaluationTextView.swift in Sources */,
				FA81F4932C5AA07C003A3E07 /* MasterMenuView.swift in Sources */,
				FA81F4BF2C5AFCAC003A3E07 /* SafeAreaInsets.swift in Sources */,
				FA81F4DC2C5B985D003A3E07 /* WValueWaterCyclePrediction.mlmodel in Sources */,
				FA81F4BA2C5AEBC1003A3E07 /* TrueOrFalseQuestion.swift in Sources */,
				FA81F4C92C5B2B61003A3E07 /* LessonHeaderViews.swift in Sources */,
				FA81F4B22C5AEA30003A3E07 /* TextQuestionCapsuleAnswerView.swift in Sources */,
				FA81F49F2C5AC45E003A3E07 /* LessonView.swift in Sources */,
				FA81F4952C5AA2BF003A3E07 /* FallingWaterDropletsView.swift in Sources */,
				FA81F4DA2C5B96A9003A3E07 /* WaterCyclePredictionView.swift in Sources */,
				FA81F4E72C5BC009003A3E07 /* PreviewModel.swift in Sources */,
				FA81F4AB2C5AE88A003A3E07 /* Lesson.swift in Sources */,
				FA81F4E62C5BC009003A3E07 /* PreviewEntriesData.swift in Sources */,
				FA81F4BD2C5AFADD003A3E07 /* CloudsSimulationView.swift in Sources */,
				FA81F4C72C5B22B9003A3E07 /* SeaSimulatorView.swift in Sources */,
				FA81F4872C5A9E79003A3E07 /* ContentView.swift in Sources */,
				FA81F4C32C5B0201003A3E07 /* GIFPlayerView.swift in Sources */,
				FA81F4B62C5AEA96003A3E07 /* TextBasedQuestionHelpers.swift in Sources */,
				FA81F4B42C5AEA6B003A3E07 /* TextViewWithPlaceholders.swift in Sources */,
				FA81F4D42C5B7652003A3E07 /* PopulateWithDataView.swift in Sources */,
				FA81F4E92C5BC778003A3E07 /* LessonsListView.swift in Sources */,
				FA81F4A52C5ACA0C003A3E07 /* JustifiedText.swift in Sources */,
				FA81F49B2C5AC2E5003A3E07 /* RiverVideoPlayer.swift in Sources */,
				FA81F4ED2C5BD39E003A3E07 /* BackgroundAudioPlayer.swift in Sources */,
				FA81F4C52C5B047E003A3E07 /* TestView.swift in Sources */,
				FA81F4D62C5B87B9003A3E07 /* ImaginarySituationData.swift in Sources */,
				FA81F4992C5ABA72003A3E07 /* ParametersView.swift in Sources */,
				FA81F4852C5A9E79003A3E07 /* QuoApp.swift in Sources */,
				FA81F4B82C5AEB96003A3E07 /* EvaluationTrueOrFalseView.swift in Sources */,
				FA81F4CE2C5B4012003A3E07 /* LessonsData.swift in Sources */,
			);
			runOnlyForDeploymentPostprocessing = 0;
		};
/* End PBXSourcesBuildPhase section */

/* Begin XCBuildConfiguration section */
		FA81F48D2C5A9E7A003A3E07 /* Debug */ = {
			isa = XCBuildConfiguration;
			buildSettings = {
				ALWAYS_SEARCH_USER_PATHS = NO;
				ASSETCATALOG_COMPILER_GENERATE_SWIFT_ASSET_SYMBOL_EXTENSIONS = YES;
				CLANG_ANALYZER_NONNULL = YES;
				CLANG_ANALYZER_NUMBER_OBJECT_CONVERSION = YES_AGGRESSIVE;
				CLANG_CXX_LANGUAGE_STANDARD = "gnu++20";
				CLANG_ENABLE_MODULES = YES;
				CLANG_ENABLE_OBJC_ARC = YES;
				CLANG_ENABLE_OBJC_WEAK = YES;
				CLANG_WARN_BLOCK_CAPTURE_AUTORELEASING = YES;
				CLANG_WARN_BOOL_CONVERSION = YES;
				CLANG_WARN_COMMA = YES;
				CLANG_WARN_CONSTANT_CONVERSION = YES;
				CLANG_WARN_DEPRECATED_OBJC_IMPLEMENTATIONS = YES;
				CLANG_WARN_DIRECT_OBJC_ISA_USAGE = YES_ERROR;
				CLANG_WARN_DOCUMENTATION_COMMENTS = YES;
				CLANG_WARN_EMPTY_BODY = YES;
				CLANG_WARN_ENUM_CONVERSION = YES;
				CLANG_WARN_INFINITE_RECURSION = YES;
				CLANG_WARN_INT_CONVERSION = YES;
				CLANG_WARN_NON_LITERAL_NULL_CONVERSION = YES;
				CLANG_WARN_OBJC_IMPLICIT_RETAIN_SELF = YES;
				CLANG_WARN_OBJC_LITERAL_CONVERSION = YES;
				CLANG_WARN_OBJC_ROOT_CLASS = YES_ERROR;
				CLANG_WARN_QUOTED_INCLUDE_IN_FRAMEWORK_HEADER = YES;
				CLANG_WARN_RANGE_LOOP_ANALYSIS = YES;
				CLANG_WARN_STRICT_PROTOTYPES = YES;
				CLANG_WARN_SUSPICIOUS_MOVE = YES;
				CLANG_WARN_UNGUARDED_AVAILABILITY = YES_AGGRESSIVE;
				CLANG_WARN_UNREACHABLE_CODE = YES;
				CLANG_WARN__DUPLICATE_METHOD_MATCH = YES;
				COPY_PHASE_STRIP = NO;
				DEBUG_INFORMATION_FORMAT = dwarf;
				ENABLE_STRICT_OBJC_MSGSEND = YES;
				ENABLE_TESTABILITY = YES;
				ENABLE_USER_SCRIPT_SANDBOXING = YES;
				GCC_C_LANGUAGE_STANDARD = gnu17;
				GCC_DYNAMIC_NO_PIC = NO;
				GCC_NO_COMMON_BLOCKS = YES;
				GCC_OPTIMIZATION_LEVEL = 0;
				GCC_PREPROCESSOR_DEFINITIONS = (
					"DEBUG=1",
					"$(inherited)",
				);
				GCC_WARN_64_TO_32_BIT_CONVERSION = YES;
				GCC_WARN_ABOUT_RETURN_TYPE = YES_ERROR;
				GCC_WARN_UNDECLARED_SELECTOR = YES;
				GCC_WARN_UNINITIALIZED_AUTOS = YES_AGGRESSIVE;
				GCC_WARN_UNUSED_FUNCTION = YES;
				GCC_WARN_UNUSED_VARIABLE = YES;
				IPHONEOS_DEPLOYMENT_TARGET = 17.0;
				LOCALIZATION_PREFERS_STRING_CATALOGS = YES;
				MTL_ENABLE_DEBUG_INFO = INCLUDE_SOURCE;
				MTL_FAST_MATH = YES;
				ONLY_ACTIVE_ARCH = YES;
				SDKROOT = iphoneos;
				SWIFT_ACTIVE_COMPILATION_CONDITIONS = "DEBUG $(inherited)";
				SWIFT_OPTIMIZATION_LEVEL = "-Onone";
			};
			name = Debug;
		};
		FA81F48E2C5A9E7A003A3E07 /* Release */ = {
			isa = XCBuildConfiguration;
			buildSettings = {
				ALWAYS_SEARCH_USER_PATHS = NO;
				ASSETCATALOG_COMPILER_GENERATE_SWIFT_ASSET_SYMBOL_EXTENSIONS = YES;
				CLANG_ANALYZER_NONNULL = YES;
				CLANG_ANALYZER_NUMBER_OBJECT_CONVERSION = YES_AGGRESSIVE;
				CLANG_CXX_LANGUAGE_STANDARD = "gnu++20";
				CLANG_ENABLE_MODULES = YES;
				CLANG_ENABLE_OBJC_ARC = YES;
				CLANG_ENABLE_OBJC_WEAK = YES;
				CLANG_WARN_BLOCK_CAPTURE_AUTORELEASING = YES;
				CLANG_WARN_BOOL_CONVERSION = YES;
				CLANG_WARN_COMMA = YES;
				CLANG_WARN_CONSTANT_CONVERSION = YES;
				CLANG_WARN_DEPRECATED_OBJC_IMPLEMENTATIONS = YES;
				CLANG_WARN_DIRECT_OBJC_ISA_USAGE = YES_ERROR;
				CLANG_WARN_DOCUMENTATION_COMMENTS = YES;
				CLANG_WARN_EMPTY_BODY = YES;
				CLANG_WARN_ENUM_CONVERSION = YES;
				CLANG_WARN_INFINITE_RECURSION = YES;
				CLANG_WARN_INT_CONVERSION = YES;
				CLANG_WARN_NON_LITERAL_NULL_CONVERSION = YES;
				CLANG_WARN_OBJC_IMPLICIT_RETAIN_SELF = YES;
				CLANG_WARN_OBJC_LITERAL_CONVERSION = YES;
				CLANG_WARN_OBJC_ROOT_CLASS = YES_ERROR;
				CLANG_WARN_QUOTED_INCLUDE_IN_FRAMEWORK_HEADER = YES;
				CLANG_WARN_RANGE_LOOP_ANALYSIS = YES;
				CLANG_WARN_STRICT_PROTOTYPES = YES;
				CLANG_WARN_SUSPICIOUS_MOVE = YES;
				CLANG_WARN_UNGUARDED_AVAILABILITY = YES_AGGRESSIVE;
				CLANG_WARN_UNREACHABLE_CODE = YES;
				CLANG_WARN__DUPLICATE_METHOD_MATCH = YES;
				COPY_PHASE_STRIP = NO;
				DEBUG_INFORMATION_FORMAT = "dwarf-with-dsym";
				ENABLE_NS_ASSERTIONS = NO;
				ENABLE_STRICT_OBJC_MSGSEND = YES;
				ENABLE_USER_SCRIPT_SANDBOXING = YES;
				GCC_C_LANGUAGE_STANDARD = gnu17;
				GCC_NO_COMMON_BLOCKS = YES;
				GCC_WARN_64_TO_32_BIT_CONVERSION = YES;
				GCC_WARN_ABOUT_RETURN_TYPE = YES_ERROR;
				GCC_WARN_UNDECLARED_SELECTOR = YES;
				GCC_WARN_UNINITIALIZED_AUTOS = YES_AGGRESSIVE;
				GCC_WARN_UNUSED_FUNCTION = YES;
				GCC_WARN_UNUSED_VARIABLE = YES;
				IPHONEOS_DEPLOYMENT_TARGET = 17.0;
				LOCALIZATION_PREFERS_STRING_CATALOGS = YES;
				MTL_ENABLE_DEBUG_INFO = NO;
				MTL_FAST_MATH = YES;
				SDKROOT = iphoneos;
				SWIFT_COMPILATION_MODE = wholemodule;
				VALIDATE_PRODUCT = YES;
			};
			name = Release;
		};
		FA81F4902C5A9E7A003A3E07 /* Debug */ = {
			isa = XCBuildConfiguration;
			buildSettings = {
				ASSETCATALOG_COMPILER_APPICON_NAME = AppIcon;
				ASSETCATALOG_COMPILER_GLOBAL_ACCENT_COLOR_NAME = AccentColor;
				CODE_SIGN_STYLE = Automatic;
				CURRENT_PROJECT_VERSION = 1;
				DEVELOPMENT_ASSET_PATHS = "\"Quo/Preview Content\"";
				DEVELOPMENT_TEAM = J2WJ79M6YZ;
				ENABLE_PREVIEWS = YES;
				GENERATE_INFOPLIST_FILE = YES;
				INFOPLIST_KEY_UIApplicationSceneManifest_Generation = YES;
				INFOPLIST_KEY_UIApplicationSupportsIndirectInputEvents = YES;
				INFOPLIST_KEY_UILaunchScreen_Generation = YES;
				INFOPLIST_KEY_UISupportedInterfaceOrientations = UIInterfaceOrientationPortrait;
				INFOPLIST_KEY_UISupportedInterfaceOrientations_iPad = "UIInterfaceOrientationLandscapeLeft UIInterfaceOrientationLandscapeRight UIInterfaceOrientationPortrait UIInterfaceOrientationPortraitUpsideDown";
				LD_RUNPATH_SEARCH_PATHS = (
					"$(inherited)",
					"@executable_path/Frameworks",
				);
				MARKETING_VERSION = 1.0;
				PRODUCT_BUNDLE_IDENTIFIER = com.calingav.Quo;
				PRODUCT_NAME = "$(TARGET_NAME)";
				SUPPORTED_PLATFORMS = "iphoneos iphonesimulator";
				SUPPORTS_MACCATALYST = NO;
				SUPPORTS_MAC_DESIGNED_FOR_IPHONE_IPAD = NO;
				SWIFT_EMIT_LOC_STRINGS = YES;
				SWIFT_VERSION = 5.0;
				TARGETED_DEVICE_FAMILY = 1;
			};
			name = Debug;
		};
		FA81F4912C5A9E7A003A3E07 /* Release */ = {
			isa = XCBuildConfiguration;
			buildSettings = {
				ASSETCATALOG_COMPILER_APPICON_NAME = AppIcon;
				ASSETCATALOG_COMPILER_GLOBAL_ACCENT_COLOR_NAME = AccentColor;
				CODE_SIGN_STYLE = Automatic;
				CURRENT_PROJECT_VERSION = 1;
				DEVELOPMENT_ASSET_PATHS = "\"Quo/Preview Content\"";
				DEVELOPMENT_TEAM = J2WJ79M6YZ;
				ENABLE_PREVIEWS = YES;
				GENERATE_INFOPLIST_FILE = YES;
				INFOPLIST_KEY_UIApplicationSceneManifest_Generation = YES;
				INFOPLIST_KEY_UIApplicationSupportsIndirectInputEvents = YES;
				INFOPLIST_KEY_UILaunchScreen_Generation = YES;
				INFOPLIST_KEY_UISupportedInterfaceOrientations = UIInterfaceOrientationPortrait;
				INFOPLIST_KEY_UISupportedInterfaceOrientations_iPad = "UIInterfaceOrientationLandscapeLeft UIInterfaceOrientationLandscapeRight UIInterfaceOrientationPortrait UIInterfaceOrientationPortraitUpsideDown";
				LD_RUNPATH_SEARCH_PATHS = (
					"$(inherited)",
					"@executable_path/Frameworks",
				);
				MARKETING_VERSION = 1.0;
				PRODUCT_BUNDLE_IDENTIFIER = com.calingav.Quo;
				PRODUCT_NAME = "$(TARGET_NAME)";
				SUPPORTED_PLATFORMS = "iphoneos iphonesimulator";
				SUPPORTS_MACCATALYST = NO;
				SUPPORTS_MAC_DESIGNED_FOR_IPHONE_IPAD = NO;
				SWIFT_EMIT_LOC_STRINGS = YES;
				SWIFT_VERSION = 5.0;
				TARGETED_DEVICE_FAMILY = 1;
			};
			name = Release;
		};
/* End XCBuildConfiguration section */

/* Begin XCConfigurationList section */
		FA81F47C2C5A9E79003A3E07 /* Build configuration list for PBXProject "Quo" */ = {
			isa = XCConfigurationList;
			buildConfigurations = (
				FA81F48D2C5A9E7A003A3E07 /* Debug */,
				FA81F48E2C5A9E7A003A3E07 /* Release */,
			);
			defaultConfigurationIsVisible = 0;
			defaultConfigurationName = Release;
		};
		FA81F48F2C5A9E7A003A3E07 /* Build configuration list for PBXNativeTarget "Quo" */ = {
			isa = XCConfigurationList;
			buildConfigurations = (
				FA81F4902C5A9E7A003A3E07 /* Debug */,
				FA81F4912C5A9E7A003A3E07 /* Release */,
			);
			defaultConfigurationIsVisible = 0;
			defaultConfigurationName = Release;
		};
/* End XCConfigurationList section */
	};
	rootObject = FA81F4792C5A9E79003A3E07 /* Project object */;
}
